<?xml version="1.0" encoding="utf-8"?>
<Project ToolsVersion="4.0" xmlns="http://schemas.microsoft.com/developer/msbuild/2003">
  <ItemGroup>
    <Filter Include="Source Files">
      <UniqueIdentifier>{4FC737F1-C7A5-4376-A066-2A32D752A2FF}</UniqueIdentifier>
      <Extensions>cpp;c;cc;cxx;def;odl;idl;hpj;bat;asm;asmx</Extensions>
    </Filter>
    <Filter Include="Source Files\accelerators">
      <UniqueIdentifier>{1870b4c4-836e-46da-87b5-ba3f14094daa}</UniqueIdentifier>
    </Filter>
    <Filter Include="Source Files\io">
      <UniqueIdentifier>{e48940d0-2eab-4195-afb3-3e730c9d94b7}</UniqueIdentifier>
    </Filter>
  </ItemGroup>
  <ItemGroup>
    <ClCompile Include="Src\4pcs.cc">
      <Filter>Source Files</Filter>
    </ClCompile>
    <ClCompile Include="Src\super4pcs.cc">
      <Filter>Source Files</Filter>
    </ClCompile>
    <ClCompile Include="Src\super4pcs_test.cc">
      <Filter>Source Files</Filter>
    </ClCompile>
    <ClCompile Include="Src\accelerators\normalHealSet.cpp">
      <Filter>Source Files\accelerators</Filter>
    </ClCompile>
    <ClCompile Include="Src\io\io.cc">
      <Filter>Source Files\io</Filter>
    </ClCompile>
  </ItemGroup>
</Project>